
PODS:
- AFNetworking (1.0.1)
- CocoaLumberjack (1.6)
- EDColor (0.0.3)
- MRCEnumerable (0.0.1)
- MTDates (0.6.1)
- SVPullToRefresh (0.4)
- TBXML (1.5)
- ViewDeck (2.2.0)

DEPENDENCIES:
- AFNetworking (~> 1.0.1)
- CocoaLumberjack (~> 1.6)
- EDColor
- MRCEnumerable
- MTDates
- SVPullToRefresh (~> 0.4)
- TBXML
- ViewDeck (~> 2.2.0)

SPEC CHECKSUMS:
  AFNetworking: 0bce3ae41023e080e96b8a2e0d07c94709f72a81
  CocoaLumberjack: 0f2fa7090a23f13261072d882e017c688300efbe
  EDColor: 3741127d63511b4c612a08895ed844f0243e866e
  MRCEnumerable: 4c48c6d30c6bea426d91403b8b1c30246ffe1991
  MTDates: 348df6b3183fd92a9c4c6db8f5ab1a1c5b0bdd9b
  SVPullToRefresh: 479bcbbf42c83366f49aab231ed6e94dad928fef
  TBXML: a2d5ec403183438f15f7697c756a809ed34e0c0b
  ViewDeck: c38895499ab96c9d69db724a1af489ee3a268682

COCOAPODS: 0.16.2
